{
    "_meta": {
        "hash": {
            "sha256": "775337c88f33ca98d5efb765483527087704a4a131664c4fe943d21008bfdfcb"
        },
        "pipfile-spec": 6,
        "requires": {
            "python_version": "3.8"
        },
        "sources": [
            {
                "name": "pypi",
                "url": "https://pypi.org/simple",
                "verify_ssl": true
            }
        ]
    },
    "default": {},
    "develop": {}
}
